
Microsoft Visual Studio Solution File, Format Version 12.00
# Visual Studio Version 17
VisualStudioVersion = 17.5.33516.290
MinimumVisualStudioVersion = 10.0.40219.1
Project("{FAE04EC0-301F-11D3-BF4B-00C04F79EFBC}") = "RegularExpressions", "RegularExpressions\RegularExpressions.csproj", "{11ADED8B-8C24-4FAC-AB8E-E27C53C17823}"
EndProject
Global
	GlobalSection(SolutionConfigurationPlatforms) = preSolution
		Debug|Any CPU = Debug|Any CPU
		Release|Any CPU = Release|Any CPU
	EndGlobalSection
	GlobalSection(ProjectConfigurationPlatforms) = postSolution
		{11ADED8B-8C24-4FAC-AB8E-E27C53C17823}.Debug|Any CPU.ActiveCfg = Debug|Any CPU
		{11ADED8B-8C24-4FAC-AB8E-E27C53C17823}.Debug|Any CPU.Build.0 = Debug|Any CPU
		{11ADED8B-8C24-4FAC-AB8E-E27C53C17823}.Release|Any CPU.ActiveCfg = Release|Any CPU
		{11ADED8B-8C24-4FAC-AB8E-E27C53C17823}.Release|Any CPU.Build.0 = Release|Any CPU
	EndGlobalSection
	GlobalSection(SolutionProperties) = preSolution
		HideSolutionNode = FALSE
	EndGlobalSection
	GlobalSection(ExtensibilityGlobals) = postSolution
		SolutionGuid = {40D1C6B6-7304-464D-9F8E-F24DF64AB2B6}
	EndGlobalSection
EndGlobal
